
Microsoft Visual Studio Solution File, Format Version 12.00
# Visual Studio Version 16
VisualStudioVersion = 16.0.30104.148
MinimumVisualStudioVersion = 10.0.40219.1
Project("{FAE04EC0-301F-11D3-BF4B-00C04F79EFBC}") = "TradeOff", "TradeOff\TradeOff.csproj", "{EA7A15B3-80B6-444C-A772-531397300336}"
EndProject
Global
	GlobalSection(SolutionConfigurationPlatforms) = preSolution
		Debug|Any CPU = Debug|Any CPU
		Release|Any CPU = Release|Any CPU
	EndGlobalSection
	GlobalSection(ProjectConfigurationPlatforms) = postSolution
		{EA7A15B3-80B6-444C-A772-531397300336}.Debug|Any CPU.ActiveCfg = Debug|Any CPU
		{EA7A15B3-80B6-444C-A772-531397300336}.Debug|Any CPU.Build.0 = Debug|Any CPU
		{EA7A15B3-80B6-444C-A772-531397300336}.Release|Any CPU.ActiveCfg = Release|Any CPU
		{EA7A15B3-80B6-444C-A772-531397300336}.Release|Any CPU.Build.0 = Release|Any CPU
	EndGlobalSection
	GlobalSection(SolutionProperties) = preSolution
		HideSolutionNode = FALSE
	EndGlobalSection
	GlobalSection(ExtensibilityGlobals) = postSolution
		SolutionGuid = {908EABCE-86A9-40E5-838B-99E1F5FE449A}
	EndGlobalSection
EndGlobal
